# This file is automatically @generated by Cargo.
# It is not intended for manual editing.
version = 4

[[package]]
name = "sdkwork-routes-comments-app-api"
version = "0.1.0"

[[package]]
name = "sdkwork-routes-comments-backend-api"
version = "0.1.0"

[[package]]
name = "sdkwork_comments_storage_sqlx"
version = "0.1.0"
